// !$*UTF8*$!
{
	archiveVersion = 1;
	classes = {
	};
	objectVersion = 56;
	objects = {

/* Begin PBXBuildFile section */
		A1000001211E00001 /* LoderApp.swift in Sources */ = {isa = PBXBuildFile; fileRef = A1000002211E00001 /* LoderApp.swift */; };
		A1000003211E00001 /* ActivityMonitor.swift in Sources */ = {isa = PBXBuildFile; fileRef = A1000004211E00001 /* ActivityMonitor.swift */; };
		A1000014211E00001 /* Media.xcassets in Resources */ = {isa = PBXBuildFile; fileRef = 842F5AFF2F32A55A0075EE5F /* Media.xcassets */; };
		B1000001211E00001 /* User.swift in Sources */ = {isa = PBXBuildFile; fileRef = B1000002211E00001 /* User.swift */; };
		B1000003211E00001 /* Room.swift in Sources */ = {isa = PBXBuildFile; fileRef = B1000004211E00001 /* Room.swift */; };
		B1000005211E00001 /* Participant.swift in Sources */ = {isa = PBXBuildFile; fileRef = B1000006211E00001 /* Participant.swift */; };
		B1000007211E00001 /* APIClient.swift in Sources */ = {isa = PBXBuildFile; fileRef = B1000008211E00001 /* APIClient.swift */; };
		B1000009211E00001 /* UserService.swift in Sources */ = {isa = PBXBuildFile; fileRef = B100000A211E00001 /* UserService.swift */; };
		B100000B211E00001 /* RoomService.swift in Sources */ = {isa = PBXBuildFile; fileRef = B100000C211E00001 /* RoomService.swift */; };
		B100000D211E00001 /* HeartbeatService.swift in Sources */ = {isa = PBXBuildFile; fileRef = B100000E211E00001 /* HeartbeatService.swift */; };
		B100000F211E00001 /* DeviceIdentifier.swift in Sources */ = {isa = PBXBuildFile; fileRef = B1000010211E00001 /* DeviceIdentifier.swift */; };
		B1000011211E00001 /* AppState.swift in Sources */ = {isa = PBXBuildFile; fileRef = B1000012211E00001 /* AppState.swift */; };
		B1000013211E00001 /* ImageCache.swift in Sources */ = {isa = PBXBuildFile; fileRef = B1000014211E00001 /* ImageCache.swift */; };
		B1000015211E00001 /* PopoverContentView.swift in Sources */ = {isa = PBXBuildFile; fileRef = B1000016211E00001 /* PopoverContentView.swift */; };
		B1000017211E00001 /* RegistrationView.swift in Sources */ = {isa = PBXBuildFile; fileRef = B1000018211E00001 /* RegistrationView.swift */; };
		B1000019211E00001 /* LobbyView.swift in Sources */ = {isa = PBXBuildFile; fileRef = B100001A211E00001 /* LobbyView.swift */; };
		B100001B211E00001 /* RoomView.swift in Sources */ = {isa = PBXBuildFile; fileRef = B100001C211E00001 /* RoomView.swift */; };
		B100001D211E00001 /* AvatarUploadView.swift in Sources */ = {isa = PBXBuildFile; fileRef = B100001E211E00001 /* AvatarUploadView.swift */; };
		B100001F211E00001 /* AvatarView.swift in Sources */ = {isa = PBXBuildFile; fileRef = B1000020211E00001 /* AvatarView.swift */; };
		B1000021211E00001 /* AvatarStackView.swift in Sources */ = {isa = PBXBuildFile; fileRef = B1000022211E00001 /* AvatarStackView.swift */; };
		C1000001211E00001 /* Statistics.swift in Sources */ = {isa = PBXBuildFile; fileRef = C1000002211E00001 /* Statistics.swift */; };
		C1000003211E00001 /* StatisticsWindow.swift in Sources */ = {isa = PBXBuildFile; fileRef = C1000004211E00001 /* StatisticsWindow.swift */; };
/* End PBXBuildFile section */

/* Begin PBXFileReference section */
		842F5AFF2F32A55A0075EE5F /* Media.xcassets */ = {isa = PBXFileReference; lastKnownFileType = folder.assetcatalog; path = Media.xcassets; sourceTree = "<group>"; };
		A1000002211E00001 /* LoderApp.swift */ = {isa = PBXFileReference; lastKnownFileType = sourcecode.swift; path = LoderApp.swift; sourceTree = "<group>"; };
		A1000004211E00001 /* ActivityMonitor.swift */ = {isa = PBXFileReference; lastKnownFileType = sourcecode.swift; path = ActivityMonitor.swift; sourceTree = "<group>"; };
		A1000005211E00001 /* Info.plist */ = {isa = PBXFileReference; lastKnownFileType = text.plist.xml; path = Info.plist; sourceTree = "<group>"; };
		A1000006211E00001 /* Loder.app */ = {isa = PBXFileReference; explicitFileType = wrapper.application; includeInIndex = 0; path = Loder.app; sourceTree = BUILT_PRODUCTS_DIR; };
		B1000002211E00001 /* User.swift */ = {isa = PBXFileReference; lastKnownFileType = sourcecode.swift; path = User.swift; sourceTree = "<group>"; };
		B1000004211E00001 /* Room.swift */ = {isa = PBXFileReference; lastKnownFileType = sourcecode.swift; path = Room.swift; sourceTree = "<group>"; };
		B1000006211E00001 /* Participant.swift */ = {isa = PBXFileReference; lastKnownFileType = sourcecode.swift; path = Participant.swift; sourceTree = "<group>"; };
		B1000008211E00001 /* APIClient.swift */ = {isa = PBXFileReference; lastKnownFileType = sourcecode.swift; path = APIClient.swift; sourceTree = "<group>"; };
		B100000A211E00001 /* UserService.swift */ = {isa = PBXFileReference; lastKnownFileType = sourcecode.swift; path = UserService.swift; sourceTree = "<group>"; };
		B100000C211E00001 /* RoomService.swift */ = {isa = PBXFileReference; lastKnownFileType = sourcecode.swift; path = RoomService.swift; sourceTree = "<group>"; };
		B100000E211E00001 /* HeartbeatService.swift */ = {isa = PBXFileReference; lastKnownFileType = sourcecode.swift; path = HeartbeatService.swift; sourceTree = "<group>"; };
		B1000010211E00001 /* DeviceIdentifier.swift */ = {isa = PBXFileReference; lastKnownFileType = sourcecode.swift; path = DeviceIdentifier.swift; sourceTree = "<group>"; };
		B1000012211E00001 /* AppState.swift */ = {isa = PBXFileReference; lastKnownFileType = sourcecode.swift; path = AppState.swift; sourceTree = "<group>"; };
		B1000014211E00001 /* ImageCache.swift */ = {isa = PBXFileReference; lastKnownFileType = sourcecode.swift; path = ImageCache.swift; sourceTree = "<group>"; };
		B1000016211E00001 /* PopoverContentView.swift */ = {isa = PBXFileReference; lastKnownFileType = sourcecode.swift; path = PopoverContentView.swift; sourceTree = "<group>"; };
		B1000018211E00001 /* RegistrationView.swift */ = {isa = PBXFileReference; lastKnownFileType = sourcecode.swift; path = RegistrationView.swift; sourceTree = "<group>"; };
		B100001A211E00001 /* LobbyView.swift */ = {isa = PBXFileReference; lastKnownFileType = sourcecode.swift; path = LobbyView.swift; sourceTree = "<group>"; };
		B100001C211E00001 /* RoomView.swift */ = {isa = PBXFileReference; lastKnownFileType = sourcecode.swift; path = RoomView.swift; sourceTree = "<group>"; };
		B100001E211E00001 /* AvatarUploadView.swift */ = {isa = PBXFileReference; lastKnownFileType = sourcecode.swift; path = AvatarUploadView.swift; sourceTree = "<group>"; };
		B1000020211E00001 /* AvatarView.swift */ = {isa = PBXFileReference; lastKnownFileType = sourcecode.swift; path = AvatarView.swift; sourceTree = "<group>"; };
		B1000022211E00001 /* AvatarStackView.swift */ = {isa = PBXFileReference; lastKnownFileType = sourcecode.swift; path = AvatarStackView.swift; sourceTree = "<group>"; };
		C1000002211E00001 /* Statistics.swift */ = {isa = PBXFileReference; lastKnownFileType = sourcecode.swift; path = Statistics.swift; sourceTree = "<group>"; };
		C1000004211E00001 /* StatisticsWindow.swift */ = {isa = PBXFileReference; lastKnownFileType = sourcecode.swift; path = StatisticsWindow.swift; sourceTree = "<group>"; };
/* End PBXFileReference section */

/* Begin PBXFrameworksBuildPhase section */
		A1000007211E00001 /* Frameworks */ = {
			isa = PBXFrameworksBuildPhase;
			buildActionMask = 2147483647;
			files = (
			);
			runOnlyForDeploymentPostprocessing = 0;
		};
/* End PBXFrameworksBuildPhase section */

/* Begin PBXGroup section */
		A1000008211E00001 = {
			isa = PBXGroup;
			children = (
				A1000009211E00001 /* Loder */,
				A100000A211E00001 /* Products */,
			);
			sourceTree = "<group>";
		};
		A1000009211E00001 /* Loder */ = {
			isa = PBXGroup;
			children = (
				A1000002211E00001 /* LoderApp.swift */,
				A1000004211E00001 /* ActivityMonitor.swift */,
				B1000023211E00001 /* Models */,
				B1000024211E00001 /* Services */,
				B1000025211E00001 /* Views */,
				B1000026211E00001 /* Utilities */,
				A1000005211E00001 /* Info.plist */,
				842F5AFF2F32A55A0075EE5F /* Media.xcassets */,
			);
			path = Loder;
			sourceTree = "<group>";
		};
		A100000A211E00001 /* Products */ = {
			isa = PBXGroup;
			children = (
				A1000006211E00001 /* Loder.app */,
			);
			name = Products;
			sourceTree = "<group>";
		};
		B1000023211E00001 /* Models */ = {
			isa = PBXGroup;
			children = (
				B1000002211E00001 /* User.swift */,
				B1000004211E00001 /* Room.swift */,
				B1000006211E00001 /* Participant.swift */,
				C1000002211E00001 /* Statistics.swift */,
			);
			path = Models;
			sourceTree = "<group>";
		};
		B1000024211E00001 /* Services */ = {
			isa = PBXGroup;
			children = (
				B1000008211E00001 /* APIClient.swift */,
				B100000A211E00001 /* UserService.swift */,
				B100000C211E00001 /* RoomService.swift */,
				B100000E211E00001 /* HeartbeatService.swift */,
			);
			path = Services;
			sourceTree = "<group>";
		};
		B1000025211E00001 /* Views */ = {
			isa = PBXGroup;
			children = (
				B1000016211E00001 /* PopoverContentView.swift */,
				B1000018211E00001 /* RegistrationView.swift */,
				B100001A211E00001 /* LobbyView.swift */,
				B100001C211E00001 /* RoomView.swift */,
				B100001E211E00001 /* AvatarUploadView.swift */,
				B1000020211E00001 /* AvatarView.swift */,
				B1000022211E00001 /* AvatarStackView.swift */,
				C1000004211E00001 /* StatisticsWindow.swift */,
			);
			path = Views;
			sourceTree = "<group>";
		};
		B1000026211E00001 /* Utilities */ = {
			isa = PBXGroup;
			children = (
				B1000010211E00001 /* DeviceIdentifier.swift */,
				B1000012211E00001 /* AppState.swift */,
				B1000014211E00001 /* ImageCache.swift */,
			);
			path = Utilities;
			sourceTree = "<group>";
		};
/* End PBXGroup section */

/* Begin PBXNativeTarget section */
		A100000B211E00001 /* Loder */ = {
			isa = PBXNativeTarget;
			buildConfigurationList = A100000C211E00001 /* Build configuration list for PBXNativeTarget "Loder" */;
			buildPhases = (
				A100000D211E00001 /* Sources */,
				A1000007211E00001 /* Frameworks */,
				A1000015211E00001 /* Resources */,
			);
			buildRules = (
			);
			dependencies = (
			);
			name = Loder;
			productName = Loder;
			productReference = A1000006211E00001 /* Loder.app */;
			productType = "com.apple.product-type.application";
		};
/* End PBXNativeTarget section */

/* Begin PBXProject section */
		A100000E211E00001 /* Project object */ = {
			isa = PBXProject;
			attributes = {
				BuildIndependentTargetsInParallel = 1;
				LastSwiftUpdateCheck = 1500;
				LastUpgradeCheck = 1500;
				TargetAttributes = {
					A100000B211E00001 = {
						CreatedOnToolsVersion = 15.0;
					};
				};
			};
			buildConfigurationList = A100000F211E00001 /* Build configuration list for PBXProject "Loder" */;
			compatibilityVersion = "Xcode 14.0";
			developmentRegion = en;
			hasScannedForEncodings = 0;
			knownRegions = (
				en,
				Base,
			);
			mainGroup = A1000008211E00001;
			productRefGroup = A100000A211E00001 /* Products */;
			projectDirPath = "";
			projectRoot = "";
			targets = (
				A100000B211E00001 /* Loder */,
			);
		};
/* End PBXProject section */

/* Begin PBXResourcesBuildPhase section */
		A1000015211E00001 /* Resources */ = {
			isa = PBXResourcesBuildPhase;
			buildActionMask = 2147483647;
			files = (
				A1000014211E00001 /* Media.xcassets in Resources */,
			);
			runOnlyForDeploymentPostprocessing = 0;
		};
/* End PBXResourcesBuildPhase section */

/* Begin PBXSourcesBuildPhase section */
		A100000D211E00001 /* Sources */ = {
			isa = PBXSourcesBuildPhase;
			buildActionMask = 2147483647;
			files = (
				A1000001211E00001 /* LoderApp.swift in Sources */,
				A1000003211E00001 /* ActivityMonitor.swift in Sources */,
				B1000001211E00001 /* User.swift in Sources */,
				B1000003211E00001 /* Room.swift in Sources */,
				B1000005211E00001 /* Participant.swift in Sources */,
				B1000007211E00001 /* APIClient.swift in Sources */,
				B1000009211E00001 /* UserService.swift in Sources */,
				B100000B211E00001 /* RoomService.swift in Sources */,
				B100000D211E00001 /* HeartbeatService.swift in Sources */,
				B100000F211E00001 /* DeviceIdentifier.swift in Sources */,
				B1000011211E00001 /* AppState.swift in Sources */,
				B1000013211E00001 /* ImageCache.swift in Sources */,
				B1000015211E00001 /* PopoverContentView.swift in Sources */,
				B1000017211E00001 /* RegistrationView.swift in Sources */,
				B1000019211E00001 /* LobbyView.swift in Sources */,
				B100001B211E00001 /* RoomView.swift in Sources */,
				B100001D211E00001 /* AvatarUploadView.swift in Sources */,
				B100001F211E00001 /* AvatarView.swift in Sources */,
				B1000021211E00001 /* AvatarStackView.swift in Sources */,
				C1000001211E00001 /* Statistics.swift in Sources */,
				C1000003211E00001 /* StatisticsWindow.swift in Sources */,
			);
			runOnlyForDeploymentPostprocessing = 0;
		};
/* End PBXSourcesBuildPhase section */

/* Begin XCBuildConfiguration section */
		A1000010211E00001 /* Debug */ = {
			isa = XCBuildConfiguration;
			buildSettings = {
				ALWAYS_SEARCH_USER_PATHS = NO;
				ASSETCATALOG_COMPILER_GENERATE_SWIFT_ASSET_SYMBOL_EXTENSIONS = YES;
				CLANG_ANALYZER_NONNULL = YES;
				CLANG_ANALYZER_NUMBER_OBJECT_CONVERSION = YES_AGGRESSIVE;
				CLANG_CXX_LANGUAGE_STANDARD = "gnu++20";
				CLANG_ENABLE_MODULES = YES;
				CLANG_ENABLE_OBJC_ARC = YES;
				CLANG_ENABLE_OBJC_WEAK = YES;
				CLANG_WARN_BLOCK_CAPTURE_AUTORELEASING = YES;
				CLANG_WARN_BOOL_CONVERSION = YES;
				CLANG_WARN_COMMA = YES;
				CLANG_WARN_CONSTANT_CONVERSION = YES;
				CLANG_WARN_DEPRECATED_OBJC_IMPLEMENTATIONS = YES;
				CLANG_WARN_DIRECT_OBJC_ISA_USAGE = YES_ERROR;
				CLANG_WARN_DOCUMENTATION_COMMENTS = YES;
				CLANG_WARN_EMPTY_BODY = YES;
				CLANG_WARN_ENUM_CONVERSION = YES;
				CLANG_WARN_INFINITE_RECURSION = YES;
				CLANG_WARN_INT_CONVERSION = YES;
				CLANG_WARN_NON_LITERAL_NULL_CONVERSION = YES;
				CLANG_WARN_OBJC_IMPLICIT_RETAIN_SELF = YES;
				CLANG_WARN_OBJC_LITERAL_CONVERSION = YES;
				CLANG_WARN_OBJC_ROOT_CLASS = YES_ERROR;
				CLANG_WARN_QUOTED_INCLUDE_IN_FRAMEWORK_HEADER = YES;
				CLANG_WARN_RANGE_LOOP_ANALYSIS = YES;
				CLANG_WARN_STRICT_PROTOTYPES = YES;
				CLANG_WARN_SUSPICIOUS_MOVE = YES;
				CLANG_WARN_UNGUARDED_AVAILABILITY = YES_AGGRESSIVE;
				CLANG_WARN_UNREACHABLE_CODE = YES;
				CLANG_WARN__DUPLICATE_METHOD_MATCH = YES;
				COPY_PHASE_STRIP = NO;
				DEBUG_INFORMATION_FORMAT = dwarf;
				ENABLE_STRICT_OBJC_MSGSEND = YES;
				ENABLE_TESTABILITY = YES;
				ENABLE_USER_SCRIPT_SANDBOXING = YES;
				GCC_C_LANGUAGE_STANDARD = gnu17;
				GCC_DYNAMIC_NO_PIC = NO;
				GCC_NO_COMMON_BLOCKS = YES;
				GCC_OPTIMIZATION_LEVEL = 0;
				GCC_PREPROCESSOR_DEFINITIONS = (
					"DEBUG=1",
					"$(inherited)",
				);
				GCC_WARN_64_TO_32_BIT_CONVERSION = YES;
				GCC_WARN_ABOUT_RETURN_TYPE = YES_ERROR;
				GCC_WARN_UNDECLARED_SELECTOR = YES;
				GCC_WARN_UNINITIALIZED_AUTOS = YES_AGGRESSIVE;
				GCC_WARN_UNUSED_FUNCTION = YES;
				GCC_WARN_UNUSED_VARIABLE = YES;
				MACOSX_DEPLOYMENT_TARGET = 13.0;
				MTL_ENABLE_DEBUG_INFO = INCLUDE_SOURCE;
				MTL_FAST_MATH = YES;
				ONLY_ACTIVE_ARCH = YES;
				SDKROOT = macosx;
				SWIFT_ACTIVE_COMPILATION_CONDITIONS = "DEBUG $(inherited)";
				SWIFT_OPTIMIZATION_LEVEL = "-Onone";
			};
			name = Debug;
		};
		A1000011211E00001 /* Release */ = {
			isa = XCBuildConfiguration;
			buildSettings = {
				ALWAYS_SEARCH_USER_PATHS = NO;
				ASSETCATALOG_COMPILER_GENERATE_SWIFT_ASSET_SYMBOL_EXTENSIONS = YES;
				CLANG_ANALYZER_NONNULL = YES;
				CLANG_ANALYZER_NUMBER_OBJECT_CONVERSION = YES_AGGRESSIVE;
				CLANG_CXX_LANGUAGE_STANDARD = "gnu++20";
				CLANG_ENABLE_MODULES = YES;
				CLANG_ENABLE_OBJC_ARC = YES;
				CLANG_ENABLE_OBJC_WEAK = YES;
				CLANG_WARN_BLOCK_CAPTURE_AUTORELEASING = YES;
				CLANG_WARN_BOOL_CONVERSION = YES;
				CLANG_WARN_COMMA = YES;
				CLANG_WARN_CONSTANT_CONVERSION = YES;
				CLANG_WARN_DEPRECATED_OBJC_IMPLEMENTATIONS = YES;
				CLANG_WARN_DIRECT_OBJC_ISA_USAGE = YES_ERROR;
				CLANG_WARN_DOCUMENTATION_COMMENTS = YES;
				CLANG_WARN_EMPTY_BODY = YES;
				CLANG_WARN_ENUM_CONVERSION = YES;
				CLANG_WARN_INFINITE_RECURSION = YES;
				CLANG_WARN_INT_CONVERSION = YES;
				CLANG_WARN_NON_LITERAL_NULL_CONVERSION = YES;
				CLANG_WARN_OBJC_IMPLICIT_RETAIN_SELF = YES;
				CLANG_WARN_OBJC_LITERAL_CONVERSION = YES;
				CLANG_WARN_OBJC_ROOT_CLASS = YES_ERROR;
				CLANG_WARN_QUOTED_INCLUDE_IN_FRAMEWORK_HEADER = YES;
				CLANG_WARN_RANGE_LOOP_ANALYSIS = YES;
				CLANG_WARN_STRICT_PROTOTYPES = YES;
				CLANG_WARN_SUSPICIOUS_MOVE = YES;
				CLANG_WARN_UNGUARDED_AVAILABILITY = YES_AGGRESSIVE;
				CLANG_WARN_UNREACHABLE_CODE = YES;
				CLANG_WARN__DUPLICATE_METHOD_MATCH = YES;
				COPY_PHASE_STRIP = NO;
				DEBUG_INFORMATION_FORMAT = "dwarf-with-dsym";
				ENABLE_NS_ASSERTIONS = NO;
				ENABLE_STRICT_OBJC_MSGSEND = YES;
				ENABLE_USER_SCRIPT_SANDBOXING = YES;
				GCC_C_LANGUAGE_STANDARD = gnu17;
				GCC_NO_COMMON_BLOCKS = YES;
				GCC_WARN_64_TO_32_BIT_CONVERSION = YES;
				GCC_WARN_ABOUT_RETURN_TYPE = YES_ERROR;
				GCC_WARN_UNDECLARED_SELECTOR = YES;
				GCC_WARN_UNINITIALIZED_AUTOS = YES_AGGRESSIVE;
				GCC_WARN_UNUSED_FUNCTION = YES;
				GCC_WARN_UNUSED_VARIABLE = YES;
				MACOSX_DEPLOYMENT_TARGET = 13.0;
				MTL_ENABLE_DEBUG_INFO = NO;
				MTL_FAST_MATH = YES;
				SDKROOT = macosx;
				SWIFT_COMPILATION_MODE = wholemodule;
			};
			name = Release;
		};
		A1000012211E00001 /* Debug */ = {
			isa = XCBuildConfiguration;
			buildSettings = {
				ASSETCATALOG_COMPILER_APPICON_NAME = AppIcon;
				CODE_SIGN_ENTITLEMENTS = "";
				CODE_SIGN_STYLE = Automatic;
				COMBINE_HIDPI_IMAGES = YES;
				CURRENT_PROJECT_VERSION = 1;
				DEVELOPMENT_TEAM = 6355K3CJ5C;
				GENERATE_INFOPLIST_FILE = NO;
				INFOPLIST_FILE = Loder/Info.plist;
				INFOPLIST_KEY_NSHumanReadableCopyright = "";
				INFOPLIST_KEY_NSPrincipalClass = NSApplication;
				LD_RUNPATH_SEARCH_PATHS = (
					"$(inherited)",
					"@executable_path/../Frameworks",
				);
				MARKETING_VERSION = 1.0;
				PRODUCT_BUNDLE_IDENTIFIER = com.kedicode.loder;
				PRODUCT_NAME = "$(TARGET_NAME)";
				SWIFT_EMIT_LOC_STRINGS = YES;
				SWIFT_VERSION = 5.0;
			};
			name = Debug;
		};
		A1000013211E00001 /* Release */ = {
			isa = XCBuildConfiguration;
			buildSettings = {
				ASSETCATALOG_COMPILER_APPICON_NAME = AppIcon;
				CODE_SIGN_ENTITLEMENTS = "";
				CODE_SIGN_STYLE = Automatic;
				COMBINE_HIDPI_IMAGES = YES;
				CURRENT_PROJECT_VERSION = 1;
				DEVELOPMENT_TEAM = 6355K3CJ5C;
				GENERATE_INFOPLIST_FILE = NO;
				INFOPLIST_FILE = Loder/Info.plist;
				INFOPLIST_KEY_NSHumanReadableCopyright = "";
				INFOPLIST_KEY_NSPrincipalClass = NSApplication;
				LD_RUNPATH_SEARCH_PATHS = (
					"$(inherited)",
					"@executable_path/../Frameworks",
				);
				MARKETING_VERSION = 1.0;
				PRODUCT_BUNDLE_IDENTIFIER = com.kedicode.loder;
				PRODUCT_NAME = "$(TARGET_NAME)";
				SWIFT_EMIT_LOC_STRINGS = YES;
				SWIFT_VERSION = 5.0;
			};
			name = Release;
		};
/* End XCBuildConfiguration section */

/* Begin XCConfigurationList section */
		A100000C211E00001 /* Build configuration list for PBXNativeTarget "Loder" */ = {
			isa = XCConfigurationList;
			buildConfigurations = (
				A1000012211E00001 /* Debug */,
				A1000013211E00001 /* Release */,
			);
			defaultConfigurationIsVisible = 0;
			defaultConfigurationName = Release;
		};
		A100000F211E00001 /* Build configuration list for PBXProject "Loder" */ = {
			isa = XCConfigurationList;
			buildConfigurations = (
				A1000010211E00001 /* Debug */,
				A1000011211E00001 /* Release */,
			);
			defaultConfigurationIsVisible = 0;
			defaultConfigurationName = Release;
		};
/* End XCConfigurationList section */
	};
	rootObject = A100000E211E00001 /* Project object */;
}
